
Microsoft Visual Studio Solution File, Format Version 12.00
# Visual Studio Version 16
VisualStudioVersion = 16.0.33801.447
MinimumVisualStudioVersion = 10.0.40219.1
Project("{FAE04EC0-301F-11D3-BF4B-00C04F79EFBC}") = "ManyToOneProblem", "ManyToOneProblem\ManyToOneProblem.csproj", "{8B632B0C-43A2-4DF5-80CD-E7D95AD87130}"
EndProject
Global
	GlobalSection(SolutionConfigurationPlatforms) = preSolution
		Debug|Any CPU = Debug|Any CPU
		Release|Any CPU = Release|Any CPU
	EndGlobalSection
	GlobalSection(ProjectConfigurationPlatforms) = postSolution
		{8B632B0C-43A2-4DF5-80CD-E7D95AD87130}.Debug|Any CPU.ActiveCfg = Debug|Any CPU
		{8B632B0C-43A2-4DF5-80CD-E7D95AD87130}.Debug|Any CPU.Build.0 = Debug|Any CPU
		{8B632B0C-43A2-4DF5-80CD-E7D95AD87130}.Release|Any CPU.ActiveCfg = Release|Any CPU
		{8B632B0C-43A2-4DF5-80CD-E7D95AD87130}.Release|Any CPU.Build.0 = Release|Any CPU
	EndGlobalSection
	GlobalSection(SolutionProperties) = preSolution
		HideSolutionNode = FALSE
	EndGlobalSection
	GlobalSection(ExtensibilityGlobals) = postSolution
		SolutionGuid = {71214F7A-ADDD-4CAA-BD86-FE20A7808E92}
	EndGlobalSection
EndGlobal
